
Microsoft Visual Studio Solution File, Format Version 12.00
# Visual Studio Version 16
VisualStudioVersion = 16.0.31321.278
MinimumVisualStudioVersion = 10.0.40219.1
Project("{FAE04EC0-301F-11D3-BF4B-00C04F79EFBC}") = "ImageThumbnailFunction", "ImageThumbnailFunction.csproj", "{2264411F-F432-4E1B-9651-C321D5D862B9}"
EndProject
Global
	GlobalSection(SolutionConfigurationPlatforms) = preSolution
		Debug|Any CPU = Debug|Any CPU
		Release|Any CPU = Release|Any CPU
	EndGlobalSection
	GlobalSection(ProjectConfigurationPlatforms) = postSolution
		{2264411F-F432-4E1B-9651-C321D5D862B9}.Debug|Any CPU.ActiveCfg = Debug|Any CPU
		{2264411F-F432-4E1B-9651-C321D5D862B9}.Debug|Any CPU.Build.0 = Debug|Any CPU
		{2264411F-F432-4E1B-9651-C321D5D862B9}.Release|Any CPU.ActiveCfg = Release|Any CPU
		{2264411F-F432-4E1B-9651-C321D5D862B9}.Release|Any CPU.Build.0 = Release|Any CPU
	EndGlobalSection
	GlobalSection(SolutionProperties) = preSolution
		HideSolutionNode = FALSE
	EndGlobalSection
	GlobalSection(ExtensibilityGlobals) = postSolution
		SolutionGuid = {8EC49754-B583-40D6-9CF3-0180E734104B}
	EndGlobalSection
EndGlobal
